{
  "name": "holidays",
  "lockfileVersion": 3,
  "requires": true,
  "packages": {
    "": {
      "dependencies": {
        "@cspell/dict-java": "^5.0.11",
        "@cspell/dict-python": "^4.2.16",
        "@cspell/dict-typescript": "^3.2.1"
      }
    },
    "node_modules/@cspell/dict-data-science": {
      "version": "2.0.7",
      "resolved": "https://registry.npmjs.org/@cspell/dict-data-science/-/dict-data-science-2.0.7.tgz",
      "integrity": "sha512-XhAkK+nSW6zmrnWzusmZ1BpYLc62AWYHZc2p17u4nE2Z9XG5DleG55PCZxXQTKz90pmwlhFM9AfpkJsYaBWATA==",
      "license": "MIT"
    },
    "node_modules/@cspell/dict-java": {
      "version": "5.0.11",
      "resolved": "https://registry.npmjs.org/@cspell/dict-java/-/dict-java-5.0.11.tgz",
      "integrity": "sha512-T4t/1JqeH33Raa/QK/eQe26FE17eUCtWu+JsYcTLkQTci2dk1DfcIKo8YVHvZXBnuM43ATns9Xs0s+AlqDeH7w==",
      "license": "MIT"
    },
    "node_modules/@cspell/dict-python": {
      "version": "4.2.16",
      "resolved": "https://registry.npmjs.org/@cspell/dict-python/-/dict-python-4.2.16.tgz",
      "integrity": "sha512-LkQssFt1hPOWXIQiD8ScTkz/41RL7Ti0V/2ytUzEW82dc0atIEksrBg8MuOjWXktp0Dk5tDwRLgmIvhV3CFFOA==",
      "license": "MIT",
      "dependencies": {
        "@cspell/dict-data-science": "^2.0.7"
      }
    },
    "node_modules/@cspell/dict-typescript": {
      "version": "3.2.1",
      "resolved": "https://registry.npmjs.org/@cspell/dict-typescript/-/dict-typescript-3.2.1.tgz",
      "integrity": "sha512-jdnKg4rBl75GUBTsUD6nTJl7FGvaIt5wWcWP7TZSC3rV1LfkwvbUiY3PiGpfJlAIdnLYSeFWIpYU9gyVgz206w==",
      "license": "MIT"
    }
  }
}
